
Microsoft Visual Studio Solution File, Format Version 12.00
# Visual Studio Version 17
VisualStudioVersion = 17.14.36915.13 d17.14
MinimumVisualStudioVersion = 10.0.40219.1
Project("{FAE04EC0-301F-11D3-BF4B-00C04F79EFBC}") = "DotNet_React_App_2", "DotNet_React_App_2\DotNet_React_App_2.csproj", "{C75A10FB-8D0B-4D26-A25C-09D59E01BE8C}"
EndProject
Global
	GlobalSection(SolutionConfigurationPlatforms) = preSolution
		Debug|Any CPU = Debug|Any CPU
		Release|Any CPU = Release|Any CPU
	EndGlobalSection
	GlobalSection(ProjectConfigurationPlatforms) = postSolution
		{C75A10FB-8D0B-4D26-A25C-09D59E01BE8C}.Debug|Any CPU.ActiveCfg = Debug|Any CPU
		{C75A10FB-8D0B-4D26-A25C-09D59E01BE8C}.Debug|Any CPU.Build.0 = Debug|Any CPU
		{C75A10FB-8D0B-4D26-A25C-09D59E01BE8C}.Release|Any CPU.ActiveCfg = Release|Any CPU
		{C75A10FB-8D0B-4D26-A25C-09D59E01BE8C}.Release|Any CPU.Build.0 = Release|Any CPU
	EndGlobalSection
	GlobalSection(SolutionProperties) = preSolution
		HideSolutionNode = FALSE
	EndGlobalSection
	GlobalSection(ExtensibilityGlobals) = postSolution
		SolutionGuid = {53629440-9EFD-4E15-9C5B-145B45576D5E}
	EndGlobalSection
EndGlobal
